// !$*UTF8*$!
{
	archiveVersion = 1;
	classes = {
	};
	objectVersion = 50;
	objects = {

/* Begin PBXBuildFile section */
		32398455225F8E120033EDA8 /* AppDelegate.swift in Sources */ = {isa = PBXBuildFile; fileRef = 32398454225F8E120033EDA8 /* AppDelegate.swift */; };
		32398457225F8E120033EDA8 /* SearchViewController.swift in Sources */ = {isa = PBXBuildFile; fileRef = 32398456225F8E120033EDA8 /* SearchViewController.swift */; };
		3239845C225F8E130033EDA8 /* Assets.xcassets in Resources */ = {isa = PBXBuildFile; fileRef = 3239845B225F8E130033EDA8 /* Assets.xcassets */; };
		3239845F225F8E130033EDA8 /* LaunchScreen.storyboard in Resources */ = {isa = PBXBuildFile; fileRef = 3239845D225F8E130033EDA8 /* LaunchScreen.storyboard */; };
		3239846A225F8E130033EDA8 /* FlickrSearchTests.swift in Sources */ = {isa = PBXBuildFile; fileRef = 32398469225F8E130033EDA8 /* FlickrSearchTests.swift */; };
		32398475225F8E130033EDA8 /* FlickrSearchUITests.swift in Sources */ = {isa = PBXBuildFile; fileRef = 32398474225F8E130033EDA8 /* FlickrSearchUITests.swift */; };
		32398483225FA2AB0033EDA8 /* SearchInteractor.swift in Sources */ = {isa = PBXBuildFile; fileRef = 32398482225FA2AB0033EDA8 /* SearchInteractor.swift */; };
		32398485225FA31F0033EDA8 /* FlickrImage.swift in Sources */ = {isa = PBXBuildFile; fileRef = 32398484225FA31F0033EDA8 /* FlickrImage.swift */; };
/* End PBXBuildFile section */

/* Begin PBXContainerItemProxy section */
		32398466225F8E130033EDA8 /* PBXContainerItemProxy */ = {
			isa = PBXContainerItemProxy;
			containerPortal = 32398449225F8E120033EDA8 /* Project object */;
			proxyType = 1;
			remoteGlobalIDString = 32398450225F8E120033EDA8;
			remoteInfo = FlickrSearch;
		};
		32398471225F8E130033EDA8 /* PBXContainerItemProxy */ = {
			isa = PBXContainerItemProxy;
			containerPortal = 32398449225F8E120033EDA8 /* Project object */;
			proxyType = 1;
			remoteGlobalIDString = 32398450225F8E120033EDA8;
			remoteInfo = FlickrSearch;
		};
/* End PBXContainerItemProxy section */

/* Begin PBXFileReference section */
		32398451225F8E120033EDA8 /* FlickrSearch.app */ = {isa = PBXFileReference; explicitFileType = wrapper.application; includeInIndex = 0; path = FlickrSearch.app; sourceTree = BUILT_PRODUCTS_DIR; };
		32398454225F8E120033EDA8 /* AppDelegate.swift */ = {isa = PBXFileReference; lastKnownFileType = sourcecode.swift; path = AppDelegate.swift; sourceTree = "<group>"; };
		32398456225F8E120033EDA8 /* SearchViewController.swift */ = {isa = PBXFileReference; lastKnownFileType = sourcecode.swift; path = SearchViewController.swift; sourceTree = "<group>"; };
		3239845B225F8E130033EDA8 /* Assets.xcassets */ = {isa = PBXFileReference; lastKnownFileType = folder.assetcatalog; path = Assets.xcassets; sourceTree = "<group>"; };
		3239845E225F8E130033EDA8 /* Base */ = {isa = PBXFileReference; lastKnownFileType = file.storyboard; name = Base; path = Base.lproj/LaunchScreen.storyboard; sourceTree = "<group>"; };
		32398460225F8E130033EDA8 /* Info.plist */ = {isa = PBXFileReference; lastKnownFileType = text.plist.xml; path = Info.plist; sourceTree = "<group>"; };
		32398465225F8E130033EDA8 /* FlickrSearchTests.xctest */ = {isa = PBXFileReference; explicitFileType = wrapper.cfbundle; includeInIndex = 0; path = FlickrSearchTests.xctest; sourceTree = BUILT_PRODUCTS_DIR; };
		32398469225F8E130033EDA8 /* FlickrSearchTests.swift */ = {isa = PBXFileReference; lastKnownFileType = sourcecode.swift; path = FlickrSearchTests.swift; sourceTree = "<group>"; };
		3239846B225F8E130033EDA8 /* Info.plist */ = {isa = PBXFileReference; lastKnownFileType = text.plist.xml; path = Info.plist; sourceTree = "<group>"; };
		32398470225F8E130033EDA8 /* FlickrSearchUITests.xctest */ = {isa = PBXFileReference; explicitFileType = wrapper.cfbundle; includeInIndex = 0; path = FlickrSearchUITests.xctest; sourceTree = BUILT_PRODUCTS_DIR; };
		32398474225F8E130033EDA8 /* FlickrSearchUITests.swift */ = {isa = PBXFileReference; lastKnownFileType = sourcecode.swift; path = FlickrSearchUITests.swift; sourceTree = "<group>"; };
		32398476225F8E130033EDA8 /* Info.plist */ = {isa = PBXFileReference; lastKnownFileType = text.plist.xml; path = Info.plist; sourceTree = "<group>"; };
		32398482225FA2AB0033EDA8 /* SearchInteractor.swift */ = {isa = PBXFileReference; lastKnownFileType = sourcecode.swift; path = SearchInteractor.swift; sourceTree = "<group>"; };
		32398484225FA31F0033EDA8 /* FlickrImage.swift */ = {isa = PBXFileReference; lastKnownFileType = sourcecode.swift; path = FlickrImage.swift; sourceTree = "<group>"; };
/* End PBXFileReference section */

/* Begin PBXFrameworksBuildPhase section */
		3239844E225F8E120033EDA8 /* Frameworks */ = {
			isa = PBXFrameworksBuildPhase;
			buildActionMask = 2147483647;
			files = (
			);
			runOnlyForDeploymentPostprocessing = 0;
		};
		32398462225F8E130033EDA8 /* Frameworks */ = {
			isa = PBXFrameworksBuildPhase;
			buildActionMask = 2147483647;
			files = (
			);
			runOnlyForDeploymentPostprocessing = 0;
		};
		3239846D225F8E130033EDA8 /* Frameworks */ = {
			isa = PBXFrameworksBuildPhase;
			buildActionMask = 2147483647;
			files = (
			);
			runOnlyForDeploymentPostprocessing = 0;
		};
/* End PBXFrameworksBuildPhase section */

/* Begin PBXGroup section */
		32398448225F8E120033EDA8 = {
			isa = PBXGroup;
			children = (
				32398453225F8E120033EDA8 /* FlickrSearch */,
				32398468225F8E130033EDA8 /* FlickrSearchTests */,
				32398473225F8E130033EDA8 /* FlickrSearchUITests */,
				32398452225F8E120033EDA8 /* Products */,
			);
			sourceTree = "<group>";
		};
		32398452225F8E120033EDA8 /* Products */ = {
			isa = PBXGroup;
			children = (
				32398451225F8E120033EDA8 /* FlickrSearch.app */,
				32398465225F8E130033EDA8 /* FlickrSearchTests.xctest */,
				32398470225F8E130033EDA8 /* FlickrSearchUITests.xctest */,
			);
			name = Products;
			sourceTree = "<group>";
		};
		32398453225F8E120033EDA8 /* FlickrSearch */ = {
			isa = PBXGroup;
			children = (
				32398454225F8E120033EDA8 /* AppDelegate.swift */,
				32398456225F8E120033EDA8 /* SearchViewController.swift */,
				32398482225FA2AB0033EDA8 /* SearchInteractor.swift */,
				32398484225FA31F0033EDA8 /* FlickrImage.swift */,
				3239845B225F8E130033EDA8 /* Assets.xcassets */,
				3239845D225F8E130033EDA8 /* LaunchScreen.storyboard */,
				32398460225F8E130033EDA8 /* Info.plist */,
			);
			path = FlickrSearch;
			sourceTree = "<group>";
		};
		32398468225F8E130033EDA8 /* FlickrSearchTests */ = {
			isa = PBXGroup;
			children = (
				32398469225F8E130033EDA8 /* FlickrSearchTests.swift */,
				3239846B225F8E130033EDA8 /* Info.plist */,
			);
			path = FlickrSearchTests;
			sourceTree = "<group>";
		};
		32398473225F8E130033EDA8 /* FlickrSearchUITests */ = {
			isa = PBXGroup;
			children = (
				32398474225F8E130033EDA8 /* FlickrSearchUITests.swift */,
				32398476225F8E130033EDA8 /* Info.plist */,
			);
			path = FlickrSearchUITests;
			sourceTree = "<group>";
		};
/* End PBXGroup section */

/* Begin PBXNativeTarget section */
		32398450225F8E120033EDA8 /* FlickrSearch */ = {
			isa = PBXNativeTarget;
			buildConfigurationList = 32398479225F8E130033EDA8 /* Build configuration list for PBXNativeTarget "FlickrSearch" */;
			buildPhases = (
				3239844D225F8E120033EDA8 /* Sources */,
				3239844E225F8E120033EDA8 /* Frameworks */,
				3239844F225F8E120033EDA8 /* Resources */,
			);
			buildRules = (
			);
			dependencies = (
			);
			name = FlickrSearch;
			productName = FlickrSearch;
			productReference = 32398451225F8E120033EDA8 /* FlickrSearch.app */;
			productType = "com.apple.product-type.application";
		};
		32398464225F8E130033EDA8 /* FlickrSearchTests */ = {
			isa = PBXNativeTarget;
			buildConfigurationList = 3239847C225F8E130033EDA8 /* Build configuration list for PBXNativeTarget "FlickrSearchTests" */;
			buildPhases = (
				32398461225F8E130033EDA8 /* Sources */,
				32398462225F8E130033EDA8 /* Frameworks */,
				32398463225F8E130033EDA8 /* Resources */,
			);
			buildRules = (
			);
			dependencies = (
				32398467225F8E130033EDA8 /* PBXTargetDependency */,
			);
			name = FlickrSearchTests;
			productName = FlickrSearchTests;
			productReference = 32398465225F8E130033EDA8 /* FlickrSearchTests.xctest */;
			productType = "com.apple.product-type.bundle.unit-test";
		};
		3239846F225F8E130033EDA8 /* FlickrSearchUITests */ = {
			isa = PBXNativeTarget;
			buildConfigurationList = 3239847F225F8E130033EDA8 /* Build configuration list for PBXNativeTarget "FlickrSearchUITests" */;
			buildPhases = (
				3239846C225F8E130033EDA8 /* Sources */,
				3239846D225F8E130033EDA8 /* Frameworks */,
				3239846E225F8E130033EDA8 /* Resources */,
			);
			buildRules = (
			);
			dependencies = (
				32398472225F8E130033EDA8 /* PBXTargetDependency */,
			);
			name = FlickrSearchUITests;
			productName = FlickrSearchUITests;
			productReference = 32398470225F8E130033EDA8 /* FlickrSearchUITests.xctest */;
			productType = "com.apple.product-type.bundle.ui-testing";
		};
/* End PBXNativeTarget section */

/* Begin PBXProject section */
		32398449225F8E120033EDA8 /* Project object */ = {
			isa = PBXProject;
			attributes = {
				LastSwiftUpdateCheck = 1020;
				LastUpgradeCheck = 1020;
				ORGANIZATIONNAME = Mine;
				TargetAttributes = {
					32398450225F8E120033EDA8 = {
						CreatedOnToolsVersion = 10.2;
					};
					32398464225F8E130033EDA8 = {
						CreatedOnToolsVersion = 10.2;
						TestTargetID = 32398450225F8E120033EDA8;
					};
					3239846F225F8E130033EDA8 = {
						CreatedOnToolsVersion = 10.2;
						TestTargetID = 32398450225F8E120033EDA8;
					};
				};
			};
			buildConfigurationList = 3239844C225F8E120033EDA8 /* Build configuration list for PBXProject "FlickrSearch" */;
			compatibilityVersion = "Xcode 9.3";
			developmentRegion = en;
			hasScannedForEncodings = 0;
			knownRegions = (
				en,
				Base,
			);
			mainGroup = 32398448225F8E120033EDA8;
			productRefGroup = 32398452225F8E120033EDA8 /* Products */;
			projectDirPath = "";
			projectRoot = "";
			targets = (
				32398450225F8E120033EDA8 /* FlickrSearch */,
				32398464225F8E130033EDA8 /* FlickrSearchTests */,
				3239846F225F8E130033EDA8 /* FlickrSearchUITests */,
			);
		};
/* End PBXProject section */

/* Begin PBXResourcesBuildPhase section */
		3239844F225F8E120033EDA8 /* Resources */ = {
			isa = PBXResourcesBuildPhase;
			buildActionMask = 2147483647;
			files = (
				3239845F225F8E130033EDA8 /* LaunchScreen.storyboard in Resources */,
				3239845C225F8E130033EDA8 /* Assets.xcassets in Resources */,
			);
			runOnlyForDeploymentPostprocessing = 0;
		};
		32398463225F8E130033EDA8 /* Resources */ = {
			isa = PBXResourcesBuildPhase;
			buildActionMask = 2147483647;
			files = (
			);
			runOnlyForDeploymentPostprocessing = 0;
		};
		3239846E225F8E130033EDA8 /* Resources */ = {
			isa = PBXResourcesBuildPhase;
			buildActionMask = 2147483647;
			files = (
			);
			runOnlyForDeploymentPostprocessing = 0;
		};
/* End PBXResourcesBuildPhase section */

/* Begin PBXSourcesBuildPhase section */
		3239844D225F8E120033EDA8 /* Sources */ = {
			isa = PBXSourcesBuildPhase;
			buildActionMask = 2147483647;
			files = (
				32398483225FA2AB0033EDA8 /* SearchInteractor.swift in Sources */,
				32398457225F8E120033EDA8 /* SearchViewController.swift in Sources */,
				32398485225FA31F0033EDA8 /* FlickrImage.swift in Sources */,
				32398455225F8E120033EDA8 /* AppDelegate.swift in Sources */,
			);
			runOnlyForDeploymentPostprocessing = 0;
		};
		32398461225F8E130033EDA8 /* Sources */ = {
			isa = PBXSourcesBuildPhase;
			buildActionMask = 2147483647;
			files = (
				3239846A225F8E130033EDA8 /* FlickrSearchTests.swift in Sources */,
			);
			runOnlyForDeploymentPostprocessing = 0;
		};
		3239846C225F8E130033EDA8 /* Sources */ = {
			isa = PBXSourcesBuildPhase;
			buildActionMask = 2147483647;
			files = (
				32398475225F8E130033EDA8 /* FlickrSearchUITests.swift in Sources */,
			);
			runOnlyForDeploymentPostprocessing = 0;
		};
/* End PBXSourcesBuildPhase section */

/* Begin PBXTargetDependency section */
		32398467225F8E130033EDA8 /* PBXTargetDependency */ = {
			isa = PBXTargetDependency;
			target = 32398450225F8E120033EDA8 /* FlickrSearch */;
			targetProxy = 32398466225F8E130033EDA8 /* PBXContainerItemProxy */;
		};
		32398472225F8E130033EDA8 /* PBXTargetDependency */ = {
			isa = PBXTargetDependency;
			target = 32398450225F8E120033EDA8 /* FlickrSearch */;
			targetProxy = 32398471225F8E130033EDA8 /* PBXContainerItemProxy */;
		};
/* End PBXTargetDependency section */

/* Begin PBXVariantGroup section */
		3239845D225F8E130033EDA8 /* LaunchScreen.storyboard */ = {
			isa = PBXVariantGroup;
			children = (
				3239845E225F8E130033EDA8 /* Base */,
			);
			name = LaunchScreen.storyboard;
			sourceTree = "<group>";
		};
/* End PBXVariantGroup section */

/* Begin XCBuildConfiguration section */
		32398477225F8E130033EDA8 /* Debug */ = {
			isa = XCBuildConfiguration;
			buildSettings = {
				ALWAYS_SEARCH_USER_PATHS = NO;
				CLANG_ANALYZER_NONNULL = YES;
				CLANG_ANALYZER_NUMBER_OBJECT_CONVERSION = YES_AGGRESSIVE;
				CLANG_CXX_LANGUAGE_STANDARD = "gnu++14";
				CLANG_CXX_LIBRARY = "libc++";
				CLANG_ENABLE_MODULES = YES;
				CLANG_ENABLE_OBJC_ARC = YES;
				CLANG_ENABLE_OBJC_WEAK = YES;
				CLANG_WARN_BLOCK_CAPTURE_AUTORELEASING = YES;
				CLANG_WARN_BOOL_CONVERSION = YES;
				CLANG_WARN_COMMA = YES;
				CLANG_WARN_CONSTANT_CONVERSION = YES;
				CLANG_WARN_DEPRECATED_OBJC_IMPLEMENTATIONS = YES;
				CLANG_WARN_DIRECT_OBJC_ISA_USAGE = YES_ERROR;
				CLANG_WARN_DOCUMENTATION_COMMENTS = YES;
				CLANG_WARN_EMPTY_BODY = YES;
				CLANG_WARN_ENUM_CONVERSION = YES;
				CLANG_WARN_INFINITE_RECURSION = YES;
				CLANG_WARN_INT_CONVERSION = YES;
				CLANG_WARN_NON_LITERAL_NULL_CONVERSION = YES;
				CLANG_WARN_OBJC_IMPLICIT_RETAIN_SELF = YES;
				CLANG_WARN_OBJC_LITERAL_CONVERSION = YES;
				CLANG_WARN_OBJC_ROOT_CLASS = YES_ERROR;
				CLANG_WARN_RANGE_LOOP_ANALYSIS = YES;
				CLANG_WARN_STRICT_PROTOTYPES = YES;
				CLANG_WARN_SUSPICIOUS_MOVE = YES;
				CLANG_WARN_UNGUARDED_AVAILABILITY = YES_AGGRESSIVE;
				CLANG_WARN_UNREACHABLE_CODE = YES;
				CLANG_WARN__DUPLICATE_METHOD_MATCH = YES;
				CODE_SIGN_IDENTITY = "iPhone Developer";
				COPY_PHASE_STRIP = NO;
				DEBUG_INFORMATION_FORMAT = dwarf;
				ENABLE_STRICT_OBJC_MSGSEND = YES;
				ENABLE_TESTABILITY = YES;
				GCC_C_LANGUAGE_STANDARD = gnu11;
				GCC_DYNAMIC_NO_PIC = NO;
				GCC_NO_COMMON_BLOCKS = YES;
				GCC_OPTIMIZATION_LEVEL = 0;
				GCC_PREPROCESSOR_DEFINITIONS = (
					"DEBUG=1",
					"$(inherited)",
				);
				GCC_WARN_64_TO_32_BIT_CONVERSION = YES;
				GCC_WARN_ABOUT_RETURN_TYPE = YES_ERROR;
				GCC_WARN_UNDECLARED_SELECTOR = YES;
				GCC_WARN_UNINITIALIZED_AUTOS = YES_AGGRESSIVE;
				GCC_WARN_UNUSED_FUNCTION = YES;
				GCC_WARN_UNUSED_VARIABLE = YES;
				IPHONEOS_DEPLOYMENT_TARGET = 12.2;
				MTL_ENABLE_DEBUG_INFO = INCLUDE_SOURCE;
				MTL_FAST_MATH = YES;
				ONLY_ACTIVE_ARCH = YES;
				SDKROOT = iphoneos;
				SWIFT_ACTIVE_COMPILATION_CONDITIONS = DEBUG;
				SWIFT_OPTIMIZATION_LEVEL = "-Onone";
			};
			name = Debug;
		};
		32398478225F8E130033EDA8 /* Release */ = {
			isa = XCBuildConfiguration;
			buildSettings = {
				ALWAYS_SEARCH_USER_PATHS = NO;
				CLANG_ANALYZER_NONNULL = YES;
				CLANG_ANALYZER_NUMBER_OBJECT_CONVERSION = YES_AGGRESSIVE;
				CLANG_CXX_LANGUAGE_STANDARD = "gnu++14";
				CLANG_CXX_LIBRARY = "libc++";
				CLANG_ENABLE_MODULES = YES;
				CLANG_ENABLE_OBJC_ARC = YES;
				CLANG_ENABLE_OBJC_WEAK = YES;
				CLANG_WARN_BLOCK_CAPTURE_AUTORELEASING = YES;
				CLANG_WARN_BOOL_CONVERSION = YES;
				CLANG_WARN_COMMA = YES;
				CLANG_WARN_CONSTANT_CONVERSION = YES;
				CLANG_WARN_DEPRECATED_OBJC_IMPLEMENTATIONS = YES;
				CLANG_WARN_DIRECT_OBJC_ISA_USAGE = YES_ERROR;
				CLANG_WARN_DOCUMENTATION_COMMENTS = YES;
				CLANG_WARN_EMPTY_BODY = YES;
				CLANG_WARN_ENUM_CONVERSION = YES;
				CLANG_WARN_INFINITE_RECURSION = YES;
				CLANG_WARN_INT_CONVERSION = YES;
				CLANG_WARN_NON_LITERAL_NULL_CONVERSION = YES;
				CLANG_WARN_OBJC_IMPLICIT_RETAIN_SELF = YES;
				CLANG_WARN_OBJC_LITERAL_CONVERSION = YES;
				CLANG_WARN_OBJC_ROOT_CLASS = YES_ERROR;
				CLANG_WARN_RANGE_LOOP_ANALYSIS = YES;
				CLANG_WARN_STRICT_PROTOTYPES = YES;
				CLANG_WARN_SUSPICIOUS_MOVE = YES;
				CLANG_WARN_UNGUARDED_AVAILABILITY = YES_AGGRESSIVE;
				CLANG_WARN_UNREACHABLE_CODE = YES;
				CLANG_WARN__DUPLICATE_METHOD_MATCH = YES;
				CODE_SIGN_IDENTITY = "iPhone Developer";
				COPY_PHASE_STRIP = NO;
				DEBUG_INFORMATION_FORMAT = "dwarf-with-dsym";
				ENABLE_NS_ASSERTIONS = NO;
				ENABLE_STRICT_OBJC_MSGSEND = YES;
				GCC_C_LANGUAGE_STANDARD = gnu11;
				GCC_NO_COMMON_BLOCKS = YES;
				GCC_WARN_64_TO_32_BIT_CONVERSION = YES;
				GCC_WARN_ABOUT_RETURN_TYPE = YES_ERROR;
				GCC_WARN_UNDECLARED_SELECTOR = YES;
				GCC_WARN_UNINITIALIZED_AUTOS = YES_AGGRESSIVE;
				GCC_WARN_UNUSED_FUNCTION = YES;
				GCC_WARN_UNUSED_VARIABLE = YES;
				IPHONEOS_DEPLOYMENT_TARGET = 12.2;
				MTL_ENABLE_DEBUG_INFO = NO;
				MTL_FAST_MATH = YES;
				SDKROOT = iphoneos;
				SWIFT_COMPILATION_MODE = wholemodule;
				SWIFT_OPTIMIZATION_LEVEL = "-O";
				VALIDATE_PRODUCT = YES;
			};
			name = Release;
		};
		3239847A225F8E130033EDA8 /* Debug */ = {
			isa = XCBuildConfiguration;
			buildSettings = {
				ASSETCATALOG_COMPILER_APPICON_NAME = AppIcon;
				CODE_SIGN_STYLE = Automatic;
				INFOPLIST_FILE = FlickrSearch/Info.plist;
				LD_RUNPATH_SEARCH_PATHS = (
					"$(inherited)",
					"@executable_path/Frameworks",
				);
				PRODUCT_BUNDLE_IDENTIFIER = Mine.FlickrSearch;
				PRODUCT_NAME = "$(TARGET_NAME)";
				SWIFT_VERSION = 5.0;
				TARGETED_DEVICE_FAMILY = "1,2";
			};
			name = Debug;
		};
		3239847B225F8E130033EDA8 /* Release */ = {
			isa = XCBuildConfiguration;
			buildSettings = {
				ASSETCATALOG_COMPILER_APPICON_NAME = AppIcon;
				CODE_SIGN_STYLE = Automatic;
				INFOPLIST_FILE = FlickrSearch/Info.plist;
				LD_RUNPATH_SEARCH_PATHS = (
					"$(inherited)",
					"@executable_path/Frameworks",
				);
				PRODUCT_BUNDLE_IDENTIFIER = Mine.FlickrSearch;
				PRODUCT_NAME = "$(TARGET_NAME)";
				SWIFT_VERSION = 5.0;
				TARGETED_DEVICE_FAMILY = "1,2";
			};
			name = Release;
		};
		3239847D225F8E130033EDA8 /* Debug */ = {
			isa = XCBuildConfiguration;
			buildSettings = {
				ALWAYS_EMBED_SWIFT_STANDARD_LIBRARIES = YES;
				BUNDLE_LOADER = "$(TEST_HOST)";
				CODE_SIGN_STYLE = Automatic;
				INFOPLIST_FILE = FlickrSearchTests/Info.plist;
				LD_RUNPATH_SEARCH_PATHS = (
					"$(inherited)",
					"@executable_path/Frameworks",
					"@loader_path/Frameworks",
				);
				PRODUCT_BUNDLE_IDENTIFIER = Mine.FlickrSearchTests;
				PRODUCT_NAME = "$(TARGET_NAME)";
				SWIFT_VERSION = 5.0;
				TARGETED_DEVICE_FAMILY = "1,2";
				TEST_HOST = "$(BUILT_PRODUCTS_DIR)/FlickrSearch.app/FlickrSearch";
			};
			name = Debug;
		};
		3239847E225F8E130033EDA8 /* Release */ = {
			isa = XCBuildConfiguration;
			buildSettings = {
				ALWAYS_EMBED_SWIFT_STANDARD_LIBRARIES = YES;
				BUNDLE_LOADER = "$(TEST_HOST)";
				CODE_SIGN_STYLE = Automatic;
				INFOPLIST_FILE = FlickrSearchTests/Info.plist;
				LD_RUNPATH_SEARCH_PATHS = (
					"$(inherited)",
					"@executable_path/Frameworks",
					"@loader_path/Frameworks",
				);
				PRODUCT_BUNDLE_IDENTIFIER = Mine.FlickrSearchTests;
				PRODUCT_NAME = "$(TARGET_NAME)";
				SWIFT_VERSION = 5.0;
				TARGETED_DEVICE_FAMILY = "1,2";
				TEST_HOST = "$(BUILT_PRODUCTS_DIR)/FlickrSearch.app/FlickrSearch";
			};
			name = Release;
		};
		32398480225F8E130033EDA8 /* Debug */ = {
			isa = XCBuildConfiguration;
			buildSettings = {
				ALWAYS_EMBED_SWIFT_STANDARD_LIBRARIES = YES;
				CODE_SIGN_STYLE = Automatic;
				INFOPLIST_FILE = FlickrSearchUITests/Info.plist;
				LD_RUNPATH_SEARCH_PATHS = (
					"$(inherited)",
					"@executable_path/Frameworks",
					"@loader_path/Frameworks",
				);
				PRODUCT_BUNDLE_IDENTIFIER = Mine.FlickrSearchUITests;
				PRODUCT_NAME = "$(TARGET_NAME)";
				SWIFT_VERSION = 5.0;
				TARGETED_DEVICE_FAMILY = "1,2";
				TEST_TARGET_NAME = FlickrSearch;
			};
			name = Debug;
		};
		32398481225F8E130033EDA8 /* Release */ = {
			isa = XCBuildConfiguration;
			buildSettings = {
				ALWAYS_EMBED_SWIFT_STANDARD_LIBRARIES = YES;
				CODE_SIGN_STYLE = Automatic;
				INFOPLIST_FILE = FlickrSearchUITests/Info.plist;
				LD_RUNPATH_SEARCH_PATHS = (
					"$(inherited)",
					"@executable_path/Frameworks",
					"@loader_path/Frameworks",
				);
				PRODUCT_BUNDLE_IDENTIFIER = Mine.FlickrSearchUITests;
				PRODUCT_NAME = "$(TARGET_NAME)";
				SWIFT_VERSION = 5.0;
				TARGETED_DEVICE_FAMILY = "1,2";
				TEST_TARGET_NAME = FlickrSearch;
			};
			name = Release;
		};
/* End XCBuildConfiguration section */

/* Begin XCConfigurationList section */
		3239844C225F8E120033EDA8 /* Build configuration list for PBXProject "FlickrSearch" */ = {
			isa = XCConfigurationList;
			buildConfigurations = (
				32398477225F8E130033EDA8 /* Debug */,
				32398478225F8E130033EDA8 /* Release */,
			);
			defaultConfigurationIsVisible = 0;
			defaultConfigurationName = Release;
		};
		32398479225F8E130033EDA8 /* Build configuration list for PBXNativeTarget "FlickrSearch" */ = {
			isa = XCConfigurationList;
			buildConfigurations = (
				3239847A225F8E130033EDA8 /* Debug */,
				3239847B225F8E130033EDA8 /* Release */,
			);
			defaultConfigurationIsVisible = 0;
			defaultConfigurationName = Release;
		};
		3239847C225F8E130033EDA8 /* Build configuration list for PBXNativeTarget "FlickrSearchTests" */ = {
			isa = XCConfigurationList;
			buildConfigurations = (
				3239847D225F8E130033EDA8 /* Debug */,
				3239847E225F8E130033EDA8 /* Release */,
			);
			defaultConfigurationIsVisible = 0;
			defaultConfigurationName = Release;
		};
		3239847F225F8E130033EDA8 /* Build configuration list for PBXNativeTarget "FlickrSearchUITests" */ = {
			isa = XCConfigurationList;
			buildConfigurations = (
				32398480225F8E130033EDA8 /* Debug */,
				32398481225F8E130033EDA8 /* Release */,
			);
			defaultConfigurationIsVisible = 0;
			defaultConfigurationName = Release;
		};
/* End XCConfigurationList section */
	};
	rootObject = 32398449225F8E120033EDA8 /* Project object */;
}
